
Microsoft Visual Studio Solution File, Format Version 12.00
# Visual Studio Version 16
VisualStudioVersion = 16.0.30523.141
MinimumVisualStudioVersion = 10.0.40219.1
Project("{FAE04EC0-301F-11D3-BF4B-00C04F79EFBC}") = "Entity Framework Code-First app", "Entity Framework Code-First app.csproj", "{0B847AC3-79CF-4DC4-8014-D8DBE8ACBC19}"
EndProject
Global
	GlobalSection(SolutionConfigurationPlatforms) = preSolution
		Debug|Any CPU = Debug|Any CPU
		Release|Any CPU = Release|Any CPU
	EndGlobalSection
	GlobalSection(ProjectConfigurationPlatforms) = postSolution
		{0B847AC3-79CF-4DC4-8014-D8DBE8ACBC19}.Debug|Any CPU.ActiveCfg = Debug|Any CPU
		{0B847AC3-79CF-4DC4-8014-D8DBE8ACBC19}.Debug|Any CPU.Build.0 = Debug|Any CPU
		{0B847AC3-79CF-4DC4-8014-D8DBE8ACBC19}.Release|Any CPU.ActiveCfg = Release|Any CPU
		{0B847AC3-79CF-4DC4-8014-D8DBE8ACBC19}.Release|Any CPU.Build.0 = Release|Any CPU
	EndGlobalSection
	GlobalSection(SolutionProperties) = preSolution
		HideSolutionNode = FALSE
	EndGlobalSection
	GlobalSection(ExtensibilityGlobals) = postSolution
		SolutionGuid = {54F47190-D2B9-4652-B963-616232844A5F}
	EndGlobalSection
EndGlobal
