
Microsoft Visual Studio Solution File, Format Version 12.00
# Visual Studio Version 16
VisualStudioVersion = 16.0.30114.105
MinimumVisualStudioVersion = 10.0.40219.1
Project("{FAE04EC0-301F-11D3-BF4B-00C04F79EFBC}") = "Drill307 - ASSIGNMENT", "Drill307 - ASSIGNMENT.csproj", "{F1939CBE-0156-4593-9BD8-9C918EDD5234}"
EndProject
Global
	GlobalSection(SolutionConfigurationPlatforms) = preSolution
		Debug|Any CPU = Debug|Any CPU
		Release|Any CPU = Release|Any CPU
	EndGlobalSection
	GlobalSection(ProjectConfigurationPlatforms) = postSolution
		{F1939CBE-0156-4593-9BD8-9C918EDD5234}.Debug|Any CPU.ActiveCfg = Debug|Any CPU
		{F1939CBE-0156-4593-9BD8-9C918EDD5234}.Debug|Any CPU.Build.0 = Debug|Any CPU
		{F1939CBE-0156-4593-9BD8-9C918EDD5234}.Release|Any CPU.ActiveCfg = Release|Any CPU
		{F1939CBE-0156-4593-9BD8-9C918EDD5234}.Release|Any CPU.Build.0 = Release|Any CPU
	EndGlobalSection
	GlobalSection(SolutionProperties) = preSolution
		HideSolutionNode = FALSE
	EndGlobalSection
	GlobalSection(ExtensibilityGlobals) = postSolution
		SolutionGuid = {2A4EAC7E-DAF8-4BC7-AF7C-2F8FAB86EBF2}
	EndGlobalSection
EndGlobal
