
Microsoft Visual Studio Solution File, Format Version 12.00
# Visual Studio Version 16
VisualStudioVersion = 16.0.30114.105
MinimumVisualStudioVersion = 10.0.40219.1
Project("{FAE04EC0-301F-11D3-BF4B-00C04F79EFBC}") = "Drill240 - ASSIGNMENT", "Drill240 - ASSIGNMENT.csproj", "{AB6AAABA-4EC9-4598-9559-572A8C92CCCF}"
EndProject
Global
	GlobalSection(SolutionConfigurationPlatforms) = preSolution
		Debug|Any CPU = Debug|Any CPU
		Release|Any CPU = Release|Any CPU
	EndGlobalSection
	GlobalSection(ProjectConfigurationPlatforms) = postSolution
		{AB6AAABA-4EC9-4598-9559-572A8C92CCCF}.Debug|Any CPU.ActiveCfg = Debug|Any CPU
		{AB6AAABA-4EC9-4598-9559-572A8C92CCCF}.Debug|Any CPU.Build.0 = Debug|Any CPU
		{AB6AAABA-4EC9-4598-9559-572A8C92CCCF}.Release|Any CPU.ActiveCfg = Release|Any CPU
		{AB6AAABA-4EC9-4598-9559-572A8C92CCCF}.Release|Any CPU.Build.0 = Release|Any CPU
	EndGlobalSection
	GlobalSection(SolutionProperties) = preSolution
		HideSolutionNode = FALSE
	EndGlobalSection
	GlobalSection(ExtensibilityGlobals) = postSolution
		SolutionGuid = {A4292134-80D5-4611-AB02-8AFA147F636C}
	EndGlobalSection
EndGlobal
