
Microsoft Visual Studio Solution File, Format Version 12.00
# Visual Studio Version 16
VisualStudioVersion = 16.0.30114.105
MinimumVisualStudioVersion = 10.0.40219.1
Project("{FAE04EC0-301F-11D3-BF4B-00C04F79EFBC}") = "Drill293 - ASSIGNMENT", "Drill293 - ASSIGNMENT.csproj", "{8F40AC64-8B37-4CC0-BD5D-B918B8937441}"
EndProject
Global
	GlobalSection(SolutionConfigurationPlatforms) = preSolution
		Debug|Any CPU = Debug|Any CPU
		Release|Any CPU = Release|Any CPU
	EndGlobalSection
	GlobalSection(ProjectConfigurationPlatforms) = postSolution
		{8F40AC64-8B37-4CC0-BD5D-B918B8937441}.Debug|Any CPU.ActiveCfg = Debug|Any CPU
		{8F40AC64-8B37-4CC0-BD5D-B918B8937441}.Debug|Any CPU.Build.0 = Debug|Any CPU
		{8F40AC64-8B37-4CC0-BD5D-B918B8937441}.Release|Any CPU.ActiveCfg = Release|Any CPU
		{8F40AC64-8B37-4CC0-BD5D-B918B8937441}.Release|Any CPU.Build.0 = Release|Any CPU
	EndGlobalSection
	GlobalSection(SolutionProperties) = preSolution
		HideSolutionNode = FALSE
	EndGlobalSection
	GlobalSection(ExtensibilityGlobals) = postSolution
		SolutionGuid = {9F7F5BF5-455B-4A6E-AD0E-71768DC2A2A0}
	EndGlobalSection
EndGlobal
