
Microsoft Visual Studio Solution File, Format Version 12.00
# Visual Studio Version 16
VisualStudioVersion = 16.0.30114.105
MinimumVisualStudioVersion = 10.0.40219.1
Project("{FAE04EC0-301F-11D3-BF4B-00C04F79EFBC}") = "Drill207 - ASSIGNMENT", "Drill207 - ASSIGNMENT.csproj", "{4CBE1EE3-A7DB-4105-8640-008464A0B460}"
EndProject
Global
	GlobalSection(SolutionConfigurationPlatforms) = preSolution
		Debug|Any CPU = Debug|Any CPU
		Release|Any CPU = Release|Any CPU
	EndGlobalSection
	GlobalSection(ProjectConfigurationPlatforms) = postSolution
		{4CBE1EE3-A7DB-4105-8640-008464A0B460}.Debug|Any CPU.ActiveCfg = Debug|Any CPU
		{4CBE1EE3-A7DB-4105-8640-008464A0B460}.Debug|Any CPU.Build.0 = Debug|Any CPU
		{4CBE1EE3-A7DB-4105-8640-008464A0B460}.Release|Any CPU.ActiveCfg = Release|Any CPU
		{4CBE1EE3-A7DB-4105-8640-008464A0B460}.Release|Any CPU.Build.0 = Release|Any CPU
	EndGlobalSection
	GlobalSection(SolutionProperties) = preSolution
		HideSolutionNode = FALSE
	EndGlobalSection
	GlobalSection(ExtensibilityGlobals) = postSolution
		SolutionGuid = {9D62E82A-F3B3-4CB8-8732-242D3916EE6A}
	EndGlobalSection
EndGlobal
